
Microsoft Visual Studio Solution File, Format Version 12.00
# Visual Studio 2012
Project("{FAE04EC0-301F-11D3-BF4B-00C04F79EFBC}") = "MvcApplication1", "MvcApplication1\MvcApplication1.csproj", "{AFFD3F53-C43E-42E4-A284-C9B40018E5DC}"
EndProject
Project("{FAE04EC0-301F-11D3-BF4B-00C04F79EFBC}") = "SQLiteProvider", "SQLite-Providers\SQLiteProvider.csproj", "{2FA43DEC-C17C-4616-B3CD-D6E0C12F938A}"
EndProject
Project("{FAE04EC0-301F-11D3-BF4B-00C04F79EFBC}") = "Mvc_SQLite_01", "Mvc_SQLite_01\Mvc_SQLite_01.csproj", "{27304EE2-8E01-410F-8F7C-1C247BAF42E3}"
EndProject
Project("{FAE04EC0-301F-11D3-BF4B-00C04F79EFBC}") = "Mvc_SQLite_00", "Mvc_SQLite_00\Mvc_SQLite_00.csproj", "{E5E0208D-F4ED-4918-9475-5CADB0D2798A}"
EndProject
Global
	GlobalSection(SolutionConfigurationPlatforms) = preSolution
		Debug|Any CPU = Debug|Any CPU
		Release|Any CPU = Release|Any CPU
	EndGlobalSection
	GlobalSection(ProjectConfigurationPlatforms) = postSolution
		{AFFD3F53-C43E-42E4-A284-C9B40018E5DC}.Debug|Any CPU.ActiveCfg = Debug|Any CPU
		{AFFD3F53-C43E-42E4-A284-C9B40018E5DC}.Debug|Any CPU.Build.0 = Debug|Any CPU
		{AFFD3F53-C43E-42E4-A284-C9B40018E5DC}.Release|Any CPU.ActiveCfg = Release|Any CPU
		{AFFD3F53-C43E-42E4-A284-C9B40018E5DC}.Release|Any CPU.Build.0 = Release|Any CPU
		{2FA43DEC-C17C-4616-B3CD-D6E0C12F938A}.Debug|Any CPU.ActiveCfg = Debug|Any CPU
		{2FA43DEC-C17C-4616-B3CD-D6E0C12F938A}.Debug|Any CPU.Build.0 = Debug|Any CPU
		{2FA43DEC-C17C-4616-B3CD-D6E0C12F938A}.Release|Any CPU.ActiveCfg = Release|Any CPU
		{2FA43DEC-C17C-4616-B3CD-D6E0C12F938A}.Release|Any CPU.Build.0 = Release|Any CPU
		{27304EE2-8E01-410F-8F7C-1C247BAF42E3}.Debug|Any CPU.ActiveCfg = Debug|Any CPU
		{27304EE2-8E01-410F-8F7C-1C247BAF42E3}.Debug|Any CPU.Build.0 = Debug|Any CPU
		{27304EE2-8E01-410F-8F7C-1C247BAF42E3}.Release|Any CPU.ActiveCfg = Release|Any CPU
		{27304EE2-8E01-410F-8F7C-1C247BAF42E3}.Release|Any CPU.Build.0 = Release|Any CPU
		{E5E0208D-F4ED-4918-9475-5CADB0D2798A}.Debug|Any CPU.ActiveCfg = Debug|Any CPU
		{E5E0208D-F4ED-4918-9475-5CADB0D2798A}.Debug|Any CPU.Build.0 = Debug|Any CPU
		{E5E0208D-F4ED-4918-9475-5CADB0D2798A}.Release|Any CPU.ActiveCfg = Release|Any CPU
		{E5E0208D-F4ED-4918-9475-5CADB0D2798A}.Release|Any CPU.Build.0 = Release|Any CPU
	EndGlobalSection
	GlobalSection(SolutionProperties) = preSolution
		HideSolutionNode = FALSE
	EndGlobalSection
EndGlobal
